
Microsoft Visual Studio Solution File, Format Version 12.00
# Visual Studio Version 16
VisualStudioVersion = 16.0.30330.147
MinimumVisualStudioVersion = 10.0.40219.1
Project("{FAE04EC0-301F-11D3-BF4B-00C04F79EFBC}") = "WebApplication1", "WebApplication1\WebApplication1.csproj", "{05FBAD48-2D30-4FB2-B95E-2359D86E395C}"
EndProject
Project("{FAE04EC0-301F-11D3-BF4B-00C04F79EFBC}") = "WindowsFormsAppREST", "WindowsFormsAppREST\WindowsFormsAppREST.csproj", "{519FFB4E-E0C7-4E29-AB39-E8BB0B5F7716}"
EndProject
Global
	GlobalSection(SolutionConfigurationPlatforms) = preSolution
		Debug|Any CPU = Debug|Any CPU
		Release|Any CPU = Release|Any CPU
	EndGlobalSection
	GlobalSection(ProjectConfigurationPlatforms) = postSolution
		{05FBAD48-2D30-4FB2-B95E-2359D86E395C}.Debug|Any CPU.ActiveCfg = Debug|Any CPU
		{05FBAD48-2D30-4FB2-B95E-2359D86E395C}.Debug|Any CPU.Build.0 = Debug|Any CPU
		{05FBAD48-2D30-4FB2-B95E-2359D86E395C}.Release|Any CPU.ActiveCfg = Release|Any CPU
		{05FBAD48-2D30-4FB2-B95E-2359D86E395C}.Release|Any CPU.Build.0 = Release|Any CPU
		{519FFB4E-E0C7-4E29-AB39-E8BB0B5F7716}.Debug|Any CPU.ActiveCfg = Debug|Any CPU
		{519FFB4E-E0C7-4E29-AB39-E8BB0B5F7716}.Debug|Any CPU.Build.0 = Debug|Any CPU
		{519FFB4E-E0C7-4E29-AB39-E8BB0B5F7716}.Release|Any CPU.ActiveCfg = Release|Any CPU
		{519FFB4E-E0C7-4E29-AB39-E8BB0B5F7716}.Release|Any CPU.Build.0 = Release|Any CPU
	EndGlobalSection
	GlobalSection(SolutionProperties) = preSolution
		HideSolutionNode = FALSE
	EndGlobalSection
	GlobalSection(ExtensibilityGlobals) = postSolution
		SolutionGuid = {DC65326C-DF69-45AB-9995-C1904FCD3F18}
	EndGlobalSection
EndGlobal
