
Microsoft Visual Studio Solution File, Format Version 12.00
# Visual Studio Version 16
VisualStudioVersion = 16.0.30330.147
MinimumVisualStudioVersion = 10.0.40219.1
Project("{FAE04EC0-301F-11D3-BF4B-00C04F79EFBC}") = "ConsoleAppRestWinService", "ConsoleAppRestWinService.csproj", "{74883413-8364-4B2E-BBAF-4E5C308E1B19}"
EndProject
Global
	GlobalSection(SolutionConfigurationPlatforms) = preSolution
		Debug|Any CPU = Debug|Any CPU
		Release|Any CPU = Release|Any CPU
	EndGlobalSection
	GlobalSection(ProjectConfigurationPlatforms) = postSolution
		{74883413-8364-4B2E-BBAF-4E5C308E1B19}.Debug|Any CPU.ActiveCfg = Debug|Any CPU
		{74883413-8364-4B2E-BBAF-4E5C308E1B19}.Debug|Any CPU.Build.0 = Debug|Any CPU
		{74883413-8364-4B2E-BBAF-4E5C308E1B19}.Release|Any CPU.ActiveCfg = Release|Any CPU
		{74883413-8364-4B2E-BBAF-4E5C308E1B19}.Release|Any CPU.Build.0 = Release|Any CPU
	EndGlobalSection
	GlobalSection(SolutionProperties) = preSolution
		HideSolutionNode = FALSE
	EndGlobalSection
	GlobalSection(ExtensibilityGlobals) = postSolution
		SolutionGuid = {3A22087E-506E-4FC8-9389-58A569E32DA7}
	EndGlobalSection
EndGlobal
